{
  "name": "@ylcode/components-test",
  "version": "1.0.0",
  "lockfileVersion": 1,
  "requires": true,
  "dependencies": {
    "@ylcode/utils": {
      "version": "0.0.1",
      "resolved": "https://registry.npmjs.org/@ylcode/utils/-/utils-0.0.1.tgz",
      "integrity": "sha512-sHwg/qXUQEdf9pEcDi5hNpklXVe+cKTVLA6hyhXKaBHTiUcnftS4HCG277klsiGo6FiMjnjg4pIDqgzFWC6hjA=="
    }
  }
}
